
Microsoft Visual Studio Solution File, Format Version 12.00
# Visual Studio Version 17
VisualStudioVersion = 17.14.36414.22
MinimumVisualStudioVersion = 10.0.40219.1
Project("{FAE04EC0-301F-11D3-BF4B-00C04F79EFBC}") = "praktik", "praktik\praktik.csproj", "{376CFD9D-5C19-4404-93B4-B997E13FD061}"
EndProject
Global
	GlobalSection(SolutionConfigurationPlatforms) = preSolution
		Debug|Any CPU = Debug|Any CPU
		Release|Any CPU = Release|Any CPU
	EndGlobalSection
	GlobalSection(ProjectConfigurationPlatforms) = postSolution
		{376CFD9D-5C19-4404-93B4-B997E13FD061}.Debug|Any CPU.ActiveCfg = Debug|Any CPU
		{376CFD9D-5C19-4404-93B4-B997E13FD061}.Debug|Any CPU.Build.0 = Debug|Any CPU
		{376CFD9D-5C19-4404-93B4-B997E13FD061}.Release|Any CPU.ActiveCfg = Release|Any CPU
		{376CFD9D-5C19-4404-93B4-B997E13FD061}.Release|Any CPU.Build.0 = Release|Any CPU
	EndGlobalSection
	GlobalSection(SolutionProperties) = preSolution
		HideSolutionNode = FALSE
	EndGlobalSection
	GlobalSection(ExtensibilityGlobals) = postSolution
		SolutionGuid = {81737A80-CAB3-47AA-A9D1-E1D99A3F5106}
	EndGlobalSection
EndGlobal
