Microsoft Visual Studio Solution File, Format Version 12.00
# Visual Studio Version 17
VisualStudioVersion = 17.5.2.0
MinimumVisualStudioVersion = 10.0.40219.1
Project("{FAE04EC0-301F-11D3-BF4B-00C04F79EFBC}") = "praktik", "praktik.csproj", "{9E8B7CA6-2EE2-0C37-6B65-E9C32BB97378}"
EndProject
Global
	GlobalSection(SolutionConfigurationPlatforms) = preSolution
		Debug|Any CPU = Debug|Any CPU
		Release|Any CPU = Release|Any CPU
	EndGlobalSection
	GlobalSection(ProjectConfigurationPlatforms) = postSolution
		{9E8B7CA6-2EE2-0C37-6B65-E9C32BB97378}.Debug|Any CPU.ActiveCfg = Debug|Any CPU
		{9E8B7CA6-2EE2-0C37-6B65-E9C32BB97378}.Debug|Any CPU.Build.0 = Debug|Any CPU
		{9E8B7CA6-2EE2-0C37-6B65-E9C32BB97378}.Release|Any CPU.ActiveCfg = Release|Any CPU
		{9E8B7CA6-2EE2-0C37-6B65-E9C32BB97378}.Release|Any CPU.Build.0 = Release|Any CPU
	EndGlobalSection
	GlobalSection(SolutionProperties) = preSolution
		HideSolutionNode = FALSE
	EndGlobalSection
	GlobalSection(ExtensibilityGlobals) = postSolution
		SolutionGuid = {DF467C28-DA3D-4F97-A47E-ABF4701900E4}
	EndGlobalSection
EndGlobal
